
Microsoft Visual Studio Solution File, Format Version 12.00
# Visual Studio 15
VisualStudioVersion = 15.0.28010.2003
MinimumVisualStudioVersion = 10.0.40219.1
Project("{FAE04EC0-301F-11D3-BF4B-00C04F79EFBC}") = "Segundo-Parcial-AP2", "Segundo-Parcial-AP2\Segundo-Parcial-AP2.csproj", "{E7105738-ED3A-4501-BE56-EFB6084EE67E}"
EndProject
Global
	GlobalSection(SolutionConfigurationPlatforms) = preSolution
		Debug|Any CPU = Debug|Any CPU
		Release|Any CPU = Release|Any CPU
	EndGlobalSection
	GlobalSection(ProjectConfigurationPlatforms) = postSolution
		{E7105738-ED3A-4501-BE56-EFB6084EE67E}.Debug|Any CPU.ActiveCfg = Debug|Any CPU
		{E7105738-ED3A-4501-BE56-EFB6084EE67E}.Debug|Any CPU.Build.0 = Debug|Any CPU
		{E7105738-ED3A-4501-BE56-EFB6084EE67E}.Release|Any CPU.ActiveCfg = Release|Any CPU
		{E7105738-ED3A-4501-BE56-EFB6084EE67E}.Release|Any CPU.Build.0 = Release|Any CPU
	EndGlobalSection
	GlobalSection(SolutionProperties) = preSolution
		HideSolutionNode = FALSE
	EndGlobalSection
	GlobalSection(ExtensibilityGlobals) = postSolution
		SolutionGuid = {C2E7277B-AE57-4842-911E-CEF25B9188AD}
	EndGlobalSection
EndGlobal
