
Microsoft Visual Studio Solution File, Format Version 12.00
# Visual Studio 15
VisualStudioVersion = 15.0.28010.2003
MinimumVisualStudioVersion = 10.0.40219.1
Project("{FAE04EC0-301F-11D3-BF4B-00C04F79EFBC}") = "Segundo-Parcial-AP2", "Segundo-Parcial-AP2\Segundo-Parcial-AP2.csproj", "{E7105738-ED3A-4501-BE56-EFB6084EE67E}"
EndProject
Project("{FAE04EC0-301F-11D3-BF4B-00C04F79EFBC}") = "BLL", "BLL\BLL.csproj", "{D915DB02-5A38-4430-B9EE-783DE5A8C04B}"
EndProject
Project("{FAE04EC0-301F-11D3-BF4B-00C04F79EFBC}") = "DAL", "DAL\DAL.csproj", "{83252DAC-4797-4F76-8E05-A03FBDF95A78}"
EndProject
Project("{FAE04EC0-301F-11D3-BF4B-00C04F79EFBC}") = "Entidades", "Entidades\Entidades.csproj", "{57F5EC21-1B88-48E4-AE26-A72749EE12E9}"
EndProject
Global
	GlobalSection(SolutionConfigurationPlatforms) = preSolution
		Debug|Any CPU = Debug|Any CPU
		Release|Any CPU = Release|Any CPU
	EndGlobalSection
	GlobalSection(ProjectConfigurationPlatforms) = postSolution
		{E7105738-ED3A-4501-BE56-EFB6084EE67E}.Debug|Any CPU.ActiveCfg = Debug|Any CPU
		{E7105738-ED3A-4501-BE56-EFB6084EE67E}.Debug|Any CPU.Build.0 = Debug|Any CPU
		{E7105738-ED3A-4501-BE56-EFB6084EE67E}.Release|Any CPU.ActiveCfg = Release|Any CPU
		{E7105738-ED3A-4501-BE56-EFB6084EE67E}.Release|Any CPU.Build.0 = Release|Any CPU
		{D915DB02-5A38-4430-B9EE-783DE5A8C04B}.Debug|Any CPU.ActiveCfg = Debug|Any CPU
		{D915DB02-5A38-4430-B9EE-783DE5A8C04B}.Debug|Any CPU.Build.0 = Debug|Any CPU
		{D915DB02-5A38-4430-B9EE-783DE5A8C04B}.Release|Any CPU.ActiveCfg = Release|Any CPU
		{D915DB02-5A38-4430-B9EE-783DE5A8C04B}.Release|Any CPU.Build.0 = Release|Any CPU
		{83252DAC-4797-4F76-8E05-A03FBDF95A78}.Debug|Any CPU.ActiveCfg = Debug|Any CPU
		{83252DAC-4797-4F76-8E05-A03FBDF95A78}.Debug|Any CPU.Build.0 = Debug|Any CPU
		{83252DAC-4797-4F76-8E05-A03FBDF95A78}.Release|Any CPU.ActiveCfg = Release|Any CPU
		{83252DAC-4797-4F76-8E05-A03FBDF95A78}.Release|Any CPU.Build.0 = Release|Any CPU
		{57F5EC21-1B88-48E4-AE26-A72749EE12E9}.Debug|Any CPU.ActiveCfg = Debug|Any CPU
		{57F5EC21-1B88-48E4-AE26-A72749EE12E9}.Debug|Any CPU.Build.0 = Debug|Any CPU
		{57F5EC21-1B88-48E4-AE26-A72749EE12E9}.Release|Any CPU.ActiveCfg = Release|Any CPU
		{57F5EC21-1B88-48E4-AE26-A72749EE12E9}.Release|Any CPU.Build.0 = Release|Any CPU
	EndGlobalSection
	GlobalSection(SolutionProperties) = preSolution
		HideSolutionNode = FALSE
	EndGlobalSection
	GlobalSection(ExtensibilityGlobals) = postSolution
		SolutionGuid = {C2E7277B-AE57-4842-911E-CEF25B9188AD}
	EndGlobalSection
EndGlobal
